
Microsoft Visual Studio Solution File, Format Version 12.00
# Visual Studio Version 17
VisualStudioVersion = 17.2.32616.157
MinimumVisualStudioVersion = 10.0.40219.1
Project("{FAE04EC0-301F-11D3-BF4B-00C04F79EFBC}") = "SslCertificateChecker", "SslCertificateChecker\SslCertificateChecker.csproj", "{D139ACA7-FFEC-45B8-ABE0-DC7A46EE9FF9}"
EndProject
Global
	GlobalSection(SolutionConfigurationPlatforms) = preSolution
		Debug|Any CPU = Debug|Any CPU
		Release|Any CPU = Release|Any CPU
	EndGlobalSection
	GlobalSection(ProjectConfigurationPlatforms) = postSolution
		{D139ACA7-FFEC-45B8-ABE0-DC7A46EE9FF9}.Debug|Any CPU.ActiveCfg = Debug|Any CPU
		{D139ACA7-FFEC-45B8-ABE0-DC7A46EE9FF9}.Debug|Any CPU.Build.0 = Debug|Any CPU
		{D139ACA7-FFEC-45B8-ABE0-DC7A46EE9FF9}.Release|Any CPU.ActiveCfg = Release|Any CPU
		{D139ACA7-FFEC-45B8-ABE0-DC7A46EE9FF9}.Release|Any CPU.Build.0 = Release|Any CPU
	EndGlobalSection
	GlobalSection(SolutionProperties) = preSolution
		HideSolutionNode = FALSE
	EndGlobalSection
	GlobalSection(ExtensibilityGlobals) = postSolution
		SolutionGuid = {5CA762B9-110F-4FA1-B996-A8E061F2F8CC}
	EndGlobalSection
EndGlobal
